
Microsoft Visual Studio Solution File, Format Version 12.00
# Visual Studio Version 17
VisualStudioVersion = 17.3.32922.545
MinimumVisualStudioVersion = 10.0.40219.1
Project("{FAE04EC0-301F-11D3-BF4B-00C04F79EFBC}") = "InterFin", "InterFin.csproj", "{D8CFF89C-BCA6-4335-912C-FF6BF25CD66C}"
EndProject
Global
	GlobalSection(SolutionConfigurationPlatforms) = preSolution
		Debug|Any CPU = Debug|Any CPU
		Release|Any CPU = Release|Any CPU
	EndGlobalSection
	GlobalSection(ProjectConfigurationPlatforms) = postSolution
		{D8CFF89C-BCA6-4335-912C-FF6BF25CD66C}.Debug|Any CPU.ActiveCfg = Debug|Any CPU
		{D8CFF89C-BCA6-4335-912C-FF6BF25CD66C}.Debug|Any CPU.Build.0 = Debug|Any CPU
		{D8CFF89C-BCA6-4335-912C-FF6BF25CD66C}.Release|Any CPU.ActiveCfg = Release|Any CPU
		{D8CFF89C-BCA6-4335-912C-FF6BF25CD66C}.Release|Any CPU.Build.0 = Release|Any CPU
	EndGlobalSection
	GlobalSection(SolutionProperties) = preSolution
		HideSolutionNode = FALSE
	EndGlobalSection
	GlobalSection(ExtensibilityGlobals) = postSolution
		SolutionGuid = {17DA7784-F23A-4B92-97A9-9F5F71CB7679}
	EndGlobalSection
EndGlobal
